
Microsoft Visual Studio Solution File, Format Version 12.00
# Visual Studio 2013
VisualStudioVersion = 12.0.30723.0
MinimumVisualStudioVersion = 10.0.40219.1
Project("{FAE04EC0-301F-11D3-BF4B-00C04F79EFBC}") = "SAF.Client", "SAF.Client\SAF.Client.csproj", "{5BBD0DDE-D39B-4187-95DC-3E868A139988}"
	ProjectSection(ProjectDependencies) = postProject
		{2F6A089C-DD0B-47AF-B44D-EA510F2B4376} = {2F6A089C-DD0B-47AF-B44D-EA510F2B4376}
	EndProjectSection
EndProject
Project("{FAE04EC0-301F-11D3-BF4B-00C04F79EFBC}") = "SAF.Framework", "SAF.Framework\SAF.Framework.csproj", "{11E5DE77-ED0B-40CC-B646-4C3938B1C808}"
	ProjectSection(ProjectDependencies) = postProject
		{2A654BFF-51B3-4560-B9B6-9197493FB1FF} = {2A654BFF-51B3-4560-B9B6-9197493FB1FF}
	EndProjectSection
EndProject
Project("{FAE04EC0-301F-11D3-BF4B-00C04F79EFBC}") = "SAF.SystemModule", "SAF.SystemModule\SAF.SystemModule.csproj", "{96513691-2B18-4101-BDEB-81130D83189D}"
	ProjectSection(ProjectDependencies) = postProject
		{71BD2E40-AFA5-4714-A291-77DDF32CED7A} = {71BD2E40-AFA5-4714-A291-77DDF32CED7A}
		{2F6A089C-DD0B-47AF-B44D-EA510F2B4376} = {2F6A089C-DD0B-47AF-B44D-EA510F2B4376}
		{2A654BFF-51B3-4560-B9B6-9197493FB1FF} = {2A654BFF-51B3-4560-B9B6-9197493FB1FF}
	EndProjectSection
EndProject
Project("{2150E333-8FDC-42A3-9474-1A3956D46DE8}") = "01.Platform", "01.Platform", "{1316683A-44FE-4BE7-AC45-89BAFAC73287}"
EndProject
Project("{2150E333-8FDC-42A3-9474-1A3956D46DE8}") = "02.Client", "02.Client", "{B421177E-C3BD-4F32-BDDD-03A52B157055}"
EndProject
Project("{FAE04EC0-301F-11D3-BF4B-00C04F79EFBC}") = "SAF.EntityFramework", "SAF.EntityFramework\SAF.EntityFramework.csproj", "{2F6A089C-DD0B-47AF-B44D-EA510F2B4376}"
EndProject
Project("{FAE04EC0-301F-11D3-BF4B-00C04F79EFBC}") = "SAF.Foundation", "SAF.Foundation\SAF.Foundation.csproj", "{71BD2E40-AFA5-4714-A291-77DDF32CED7A}"
EndProject
Project("{FAE04EC0-301F-11D3-BF4B-00C04F79EFBC}") = "SAF.Framework.Controls", "SAF.Framework.Controls\SAF.Framework.Controls.csproj", "{2A654BFF-51B3-4560-B9B6-9197493FB1FF}"
EndProject
Project("{FAE04EC0-301F-11D3-BF4B-00C04F79EFBC}") = "SAF.SystemEntities", "SAF.SystemEntities\SAF.SystemEntities.csproj", "{6549CDB7-BD86-4715-A288-7B997FEA3FD5}"
EndProject
Project("{FAE04EC0-301F-11D3-BF4B-00C04F79EFBC}") = "SAF.Framework.Controls.Test", "SAF.Framework.Controls.Test\SAF.Framework.Controls.Test.csproj", "{8D529273-0298-4BD4-9EE4-259E8E7D503C}"
EndProject
Project("{FAE04EC0-301F-11D3-BF4B-00C04F79EFBC}") = "SAF.Framework.Services", "SAF.Framework.Services\SAF.Framework.Services.csproj", "{916492C7-4CA2-4D9E-BE81-895C126ED8C9}"
EndProject
Project("{FAE04EC0-301F-11D3-BF4B-00C04F79EFBC}") = "SAF.CommonConfig", "SAF.CommonConfig\SAF.CommonConfig.csproj", "{C43A0047-5D4E-40F7-8D85-82B98C7D8598}"
EndProject
Project("{FAE04EC0-301F-11D3-BF4B-00C04F79EFBC}") = "SAF.Framework.Component", "SAF.Framework.Component\SAF.Framework.Component.csproj", "{86B4FE45-AD27-49C5-A4F2-A05F2695ADD7}"
EndProject
Project("{2150E333-8FDC-42A3-9474-1A3956D46DE8}") = "03.Projects", "03.Projects", "{A70B25B2-06A1-4430-A058-53F11F259490}"
EndProject
Project("{FAE04EC0-301F-11D3-BF4B-00C04F79EFBC}") = "TMS.Entities", "..\SAF.Projects\50.TMS\TMS.IM\TMS.Entities\TMS.Entities.csproj", "{7523227B-E0D5-4FD8-A143-C52625D16882}"
EndProject
Project("{FAE04EC0-301F-11D3-BF4B-00C04F79EFBC}") = "TMS.IM", "..\SAF.Projects\50.TMS\TMS.IM\TMS.IM\TMS.IM.csproj", "{E21388E5-876E-4DCF-BBA9-9191375A0771}"
EndProject
Global
	GlobalSection(SolutionConfigurationPlatforms) = preSolution
		Debug|Any CPU = Debug|Any CPU
		Release|Any CPU = Release|Any CPU
	EndGlobalSection
	GlobalSection(ProjectConfigurationPlatforms) = postSolution
		{5BBD0DDE-D39B-4187-95DC-3E868A139988}.Debug|Any CPU.ActiveCfg = Debug|Any CPU
		{5BBD0DDE-D39B-4187-95DC-3E868A139988}.Debug|Any CPU.Build.0 = Debug|Any CPU
		{5BBD0DDE-D39B-4187-95DC-3E868A139988}.Release|Any CPU.ActiveCfg = Release|Any CPU
		{5BBD0DDE-D39B-4187-95DC-3E868A139988}.Release|Any CPU.Build.0 = Release|Any CPU
		{11E5DE77-ED0B-40CC-B646-4C3938B1C808}.Debug|Any CPU.ActiveCfg = Debug|Any CPU
		{11E5DE77-ED0B-40CC-B646-4C3938B1C808}.Debug|Any CPU.Build.0 = Debug|Any CPU
		{11E5DE77-ED0B-40CC-B646-4C3938B1C808}.Release|Any CPU.ActiveCfg = Release|Any CPU
		{11E5DE77-ED0B-40CC-B646-4C3938B1C808}.Release|Any CPU.Build.0 = Release|Any CPU
		{96513691-2B18-4101-BDEB-81130D83189D}.Debug|Any CPU.ActiveCfg = Debug|Any CPU
		{96513691-2B18-4101-BDEB-81130D83189D}.Debug|Any CPU.Build.0 = Debug|Any CPU
		{96513691-2B18-4101-BDEB-81130D83189D}.Release|Any CPU.ActiveCfg = Release|Any CPU
		{96513691-2B18-4101-BDEB-81130D83189D}.Release|Any CPU.Build.0 = Release|Any CPU
		{2F6A089C-DD0B-47AF-B44D-EA510F2B4376}.Debug|Any CPU.ActiveCfg = Debug|Any CPU
		{2F6A089C-DD0B-47AF-B44D-EA510F2B4376}.Debug|Any CPU.Build.0 = Debug|Any CPU
		{2F6A089C-DD0B-47AF-B44D-EA510F2B4376}.Release|Any CPU.ActiveCfg = Release|Any CPU
		{2F6A089C-DD0B-47AF-B44D-EA510F2B4376}.Release|Any CPU.Build.0 = Release|Any CPU
		{71BD2E40-AFA5-4714-A291-77DDF32CED7A}.Debug|Any CPU.ActiveCfg = Debug|Any CPU
		{71BD2E40-AFA5-4714-A291-77DDF32CED7A}.Debug|Any CPU.Build.0 = Debug|Any CPU
		{71BD2E40-AFA5-4714-A291-77DDF32CED7A}.Release|Any CPU.ActiveCfg = Release|Any CPU
		{71BD2E40-AFA5-4714-A291-77DDF32CED7A}.Release|Any CPU.Build.0 = Release|Any CPU
		{2A654BFF-51B3-4560-B9B6-9197493FB1FF}.Debug|Any CPU.ActiveCfg = Debug|Any CPU
		{2A654BFF-51B3-4560-B9B6-9197493FB1FF}.Debug|Any CPU.Build.0 = Debug|Any CPU
		{2A654BFF-51B3-4560-B9B6-9197493FB1FF}.Release|Any CPU.ActiveCfg = Release|Any CPU
		{2A654BFF-51B3-4560-B9B6-9197493FB1FF}.Release|Any CPU.Build.0 = Release|Any CPU
		{6549CDB7-BD86-4715-A288-7B997FEA3FD5}.Debug|Any CPU.ActiveCfg = Debug|Any CPU
		{6549CDB7-BD86-4715-A288-7B997FEA3FD5}.Debug|Any CPU.Build.0 = Debug|Any CPU
		{6549CDB7-BD86-4715-A288-7B997FEA3FD5}.Release|Any CPU.ActiveCfg = Release|Any CPU
		{6549CDB7-BD86-4715-A288-7B997FEA3FD5}.Release|Any CPU.Build.0 = Release|Any CPU
		{8D529273-0298-4BD4-9EE4-259E8E7D503C}.Debug|Any CPU.ActiveCfg = Debug|Any CPU
		{8D529273-0298-4BD4-9EE4-259E8E7D503C}.Debug|Any CPU.Build.0 = Debug|Any CPU
		{8D529273-0298-4BD4-9EE4-259E8E7D503C}.Release|Any CPU.ActiveCfg = Release|Any CPU
		{916492C7-4CA2-4D9E-BE81-895C126ED8C9}.Debug|Any CPU.ActiveCfg = Debug|Any CPU
		{916492C7-4CA2-4D9E-BE81-895C126ED8C9}.Debug|Any CPU.Build.0 = Debug|Any CPU
		{916492C7-4CA2-4D9E-BE81-895C126ED8C9}.Release|Any CPU.ActiveCfg = Release|Any CPU
		{916492C7-4CA2-4D9E-BE81-895C126ED8C9}.Release|Any CPU.Build.0 = Release|Any CPU
		{C43A0047-5D4E-40F7-8D85-82B98C7D8598}.Debug|Any CPU.ActiveCfg = Debug|Any CPU
		{C43A0047-5D4E-40F7-8D85-82B98C7D8598}.Debug|Any CPU.Build.0 = Debug|Any CPU
		{C43A0047-5D4E-40F7-8D85-82B98C7D8598}.Release|Any CPU.ActiveCfg = Release|Any CPU
		{C43A0047-5D4E-40F7-8D85-82B98C7D8598}.Release|Any CPU.Build.0 = Release|Any CPU
		{86B4FE45-AD27-49C5-A4F2-A05F2695ADD7}.Debug|Any CPU.ActiveCfg = Debug|Any CPU
		{86B4FE45-AD27-49C5-A4F2-A05F2695ADD7}.Debug|Any CPU.Build.0 = Debug|Any CPU
		{86B4FE45-AD27-49C5-A4F2-A05F2695ADD7}.Release|Any CPU.ActiveCfg = Release|Any CPU
		{86B4FE45-AD27-49C5-A4F2-A05F2695ADD7}.Release|Any CPU.Build.0 = Release|Any CPU
		{7523227B-E0D5-4FD8-A143-C52625D16882}.Debug|Any CPU.ActiveCfg = Debug|Any CPU
		{7523227B-E0D5-4FD8-A143-C52625D16882}.Debug|Any CPU.Build.0 = Debug|Any CPU
		{7523227B-E0D5-4FD8-A143-C52625D16882}.Release|Any CPU.ActiveCfg = Release|Any CPU
		{7523227B-E0D5-4FD8-A143-C52625D16882}.Release|Any CPU.Build.0 = Release|Any CPU
		{E21388E5-876E-4DCF-BBA9-9191375A0771}.Debug|Any CPU.ActiveCfg = Debug|Any CPU
		{E21388E5-876E-4DCF-BBA9-9191375A0771}.Debug|Any CPU.Build.0 = Debug|Any CPU
		{E21388E5-876E-4DCF-BBA9-9191375A0771}.Release|Any CPU.ActiveCfg = Release|Any CPU
		{E21388E5-876E-4DCF-BBA9-9191375A0771}.Release|Any CPU.Build.0 = Release|Any CPU
	EndGlobalSection
	GlobalSection(SolutionProperties) = preSolution
		HideSolutionNode = FALSE
	EndGlobalSection
	GlobalSection(NestedProjects) = preSolution
		{5BBD0DDE-D39B-4187-95DC-3E868A139988} = {B421177E-C3BD-4F32-BDDD-03A52B157055}
		{11E5DE77-ED0B-40CC-B646-4C3938B1C808} = {1316683A-44FE-4BE7-AC45-89BAFAC73287}
		{96513691-2B18-4101-BDEB-81130D83189D} = {B421177E-C3BD-4F32-BDDD-03A52B157055}
		{2F6A089C-DD0B-47AF-B44D-EA510F2B4376} = {1316683A-44FE-4BE7-AC45-89BAFAC73287}
		{71BD2E40-AFA5-4714-A291-77DDF32CED7A} = {1316683A-44FE-4BE7-AC45-89BAFAC73287}
		{2A654BFF-51B3-4560-B9B6-9197493FB1FF} = {1316683A-44FE-4BE7-AC45-89BAFAC73287}
		{6549CDB7-BD86-4715-A288-7B997FEA3FD5} = {B421177E-C3BD-4F32-BDDD-03A52B157055}
		{8D529273-0298-4BD4-9EE4-259E8E7D503C} = {1316683A-44FE-4BE7-AC45-89BAFAC73287}
		{916492C7-4CA2-4D9E-BE81-895C126ED8C9} = {1316683A-44FE-4BE7-AC45-89BAFAC73287}
		{C43A0047-5D4E-40F7-8D85-82B98C7D8598} = {B421177E-C3BD-4F32-BDDD-03A52B157055}
		{86B4FE45-AD27-49C5-A4F2-A05F2695ADD7} = {1316683A-44FE-4BE7-AC45-89BAFAC73287}
		{7523227B-E0D5-4FD8-A143-C52625D16882} = {A70B25B2-06A1-4430-A058-53F11F259490}
		{E21388E5-876E-4DCF-BBA9-9191375A0771} = {A70B25B2-06A1-4430-A058-53F11F259490}
	EndGlobalSection
EndGlobal
