
Microsoft Visual Studio Solution File, Format Version 12.00
# Visual Studio 2013
VisualStudioVersion = 12.0.31101.0
MinimumVisualStudioVersion = 10.0.40219.1
Project("{FAE04EC0-301F-11D3-BF4B-00C04F79EFBC}") = "GTMS.IM", "GTMS.IM\GTMS.IM.csproj", "{CDE0024E-D75E-47A7-B85A-3BAB4505CE24}"
EndProject
Project("{FAE04EC0-301F-11D3-BF4B-00C04F79EFBC}") = "GTMS.PB", "GTMS.PB\GTMS.PB.csproj", "{6E0A02A8-B6D0-4FCE-A1FA-05D1C0EDD92B}"
EndProject
Project("{FAE04EC0-301F-11D3-BF4B-00C04F79EFBC}") = "GTMS.EntitySet", "GTMS.EntitySet\GTMS.EntitySet.csproj", "{D0390728-828A-474A-B13F-5B4E42067D9E}"
EndProject
Global
	GlobalSection(SolutionConfigurationPlatforms) = preSolution
		Debug|Any CPU = Debug|Any CPU
		Release|Any CPU = Release|Any CPU
	EndGlobalSection
	GlobalSection(ProjectConfigurationPlatforms) = postSolution
		{CDE0024E-D75E-47A7-B85A-3BAB4505CE24}.Debug|Any CPU.ActiveCfg = Debug|Any CPU
		{CDE0024E-D75E-47A7-B85A-3BAB4505CE24}.Debug|Any CPU.Build.0 = Debug|Any CPU
		{CDE0024E-D75E-47A7-B85A-3BAB4505CE24}.Release|Any CPU.ActiveCfg = Release|Any CPU
		{CDE0024E-D75E-47A7-B85A-3BAB4505CE24}.Release|Any CPU.Build.0 = Release|Any CPU
		{6E0A02A8-B6D0-4FCE-A1FA-05D1C0EDD92B}.Debug|Any CPU.ActiveCfg = Debug|Any CPU
		{6E0A02A8-B6D0-4FCE-A1FA-05D1C0EDD92B}.Debug|Any CPU.Build.0 = Debug|Any CPU
		{6E0A02A8-B6D0-4FCE-A1FA-05D1C0EDD92B}.Release|Any CPU.ActiveCfg = Release|Any CPU
		{6E0A02A8-B6D0-4FCE-A1FA-05D1C0EDD92B}.Release|Any CPU.Build.0 = Release|Any CPU
		{D0390728-828A-474A-B13F-5B4E42067D9E}.Debug|Any CPU.ActiveCfg = Debug|Any CPU
		{D0390728-828A-474A-B13F-5B4E42067D9E}.Debug|Any CPU.Build.0 = Debug|Any CPU
		{D0390728-828A-474A-B13F-5B4E42067D9E}.Release|Any CPU.ActiveCfg = Release|Any CPU
		{D0390728-828A-474A-B13F-5B4E42067D9E}.Release|Any CPU.Build.0 = Release|Any CPU
	EndGlobalSection
	GlobalSection(SolutionProperties) = preSolution
		HideSolutionNode = FALSE
	EndGlobalSection
EndGlobal
