
Microsoft Visual Studio Solution File, Format Version 12.00
# Visual Studio 2013
VisualStudioVersion = 12.0.30501.0
MinimumVisualStudioVersion = 10.0.40219.1
Project("{FAE04EC0-301F-11D3-BF4B-00C04F79EFBC}") = "TMS.IM", "TMS.IM\TMS.IM.csproj", "{E21388E5-876E-4DCF-BBA9-9191375A0771}"
EndProject
Project("{FAE04EC0-301F-11D3-BF4B-00C04F79EFBC}") = "TMS.Entities", "TMS.Entities\TMS.Entities.csproj", "{7523227B-E0D5-4FD8-A143-C52625D16882}"
EndProject
Global
	GlobalSection(SolutionConfigurationPlatforms) = preSolution
		Debug|Any CPU = Debug|Any CPU
		Release|Any CPU = Release|Any CPU
	EndGlobalSection
	GlobalSection(ProjectConfigurationPlatforms) = postSolution
		{E21388E5-876E-4DCF-BBA9-9191375A0771}.Debug|Any CPU.ActiveCfg = Debug|Any CPU
		{E21388E5-876E-4DCF-BBA9-9191375A0771}.Debug|Any CPU.Build.0 = Debug|Any CPU
		{E21388E5-876E-4DCF-BBA9-9191375A0771}.Release|Any CPU.ActiveCfg = Release|Any CPU
		{E21388E5-876E-4DCF-BBA9-9191375A0771}.Release|Any CPU.Build.0 = Release|Any CPU
		{7523227B-E0D5-4FD8-A143-C52625D16882}.Debug|Any CPU.ActiveCfg = Debug|Any CPU
		{7523227B-E0D5-4FD8-A143-C52625D16882}.Debug|Any CPU.Build.0 = Debug|Any CPU
		{7523227B-E0D5-4FD8-A143-C52625D16882}.Release|Any CPU.ActiveCfg = Release|Any CPU
		{7523227B-E0D5-4FD8-A143-C52625D16882}.Release|Any CPU.Build.0 = Release|Any CPU
	EndGlobalSection
	GlobalSection(SolutionProperties) = preSolution
		HideSolutionNode = FALSE
	EndGlobalSection
EndGlobal
